
Microsoft Visual Studio Solution File, Format Version 12.00
# Visual Studio 14
VisualStudioVersion = 14.0.23107.0
MinimumVisualStudioVersion = 10.0.40219.1
Project("{FAE04EC0-301F-11D3-BF4B-00C04F79EFBC}") = "MyApp", "MyApp.csproj", "{E38F0C87-55C1-40A8-9CB8-B2C81B4C7DED}"
EndProject
Global
	GlobalSection(SolutionConfigurationPlatforms) = preSolution
		Debug|ARM = Debug|ARM
		Debug|x64 = Debug|x64
		Debug|x86 = Debug|x86
		Release|ARM = Release|ARM
		Release|x64 = Release|x64
		Release|x86 = Release|x86
	EndGlobalSection
	GlobalSection(ProjectConfigurationPlatforms) = postSolution
		{E38F0C87-55C1-40A8-9CB8-B2C81B4C7DED}.Debug|ARM.ActiveCfg = Debug|ARM
		{E38F0C87-55C1-40A8-9CB8-B2C81B4C7DED}.Debug|ARM.Build.0 = Debug|ARM
		{E38F0C87-55C1-40A8-9CB8-B2C81B4C7DED}.Debug|ARM.Deploy.0 = Debug|ARM
		{E38F0C87-55C1-40A8-9CB8-B2C81B4C7DED}.Debug|x64.ActiveCfg = Debug|x64
		{E38F0C87-55C1-40A8-9CB8-B2C81B4C7DED}.Debug|x64.Build.0 = Debug|x64
		{E38F0C87-55C1-40A8-9CB8-B2C81B4C7DED}.Debug|x64.Deploy.0 = Debug|x64
		{E38F0C87-55C1-40A8-9CB8-B2C81B4C7DED}.Debug|x86.ActiveCfg = Debug|x86
		{E38F0C87-55C1-40A8-9CB8-B2C81B4C7DED}.Debug|x86.Build.0 = Debug|x86
		{E38F0C87-55C1-40A8-9CB8-B2C81B4C7DED}.Debug|x86.Deploy.0 = Debug|x86
		{E38F0C87-55C1-40A8-9CB8-B2C81B4C7DED}.Release|ARM.ActiveCfg = Release|ARM
		{E38F0C87-55C1-40A8-9CB8-B2C81B4C7DED}.Release|ARM.Build.0 = Release|ARM
		{E38F0C87-55C1-40A8-9CB8-B2C81B4C7DED}.Release|ARM.Deploy.0 = Release|ARM
		{E38F0C87-55C1-40A8-9CB8-B2C81B4C7DED}.Release|x64.ActiveCfg = Release|x64
		{E38F0C87-55C1-40A8-9CB8-B2C81B4C7DED}.Release|x64.Build.0 = Release|x64
		{E38F0C87-55C1-40A8-9CB8-B2C81B4C7DED}.Release|x64.Deploy.0 = Release|x64
		{E38F0C87-55C1-40A8-9CB8-B2C81B4C7DED}.Release|x86.ActiveCfg = Release|x86
		{E38F0C87-55C1-40A8-9CB8-B2C81B4C7DED}.Release|x86.Build.0 = Release|x86
		{E38F0C87-55C1-40A8-9CB8-B2C81B4C7DED}.Release|x86.Deploy.0 = Release|x86
	EndGlobalSection
	GlobalSection(SolutionProperties) = preSolution
		HideSolutionNode = FALSE
	EndGlobalSection
EndGlobal
