
Microsoft Visual Studio Solution File, Format Version 12.00
# Visual Studio 14
VisualStudioVersion = 14.0.23107.0
MinimumVisualStudioVersion = 10.0.40219.1
Project("{FAE04EC0-301F-11D3-BF4B-00C04F79EFBC}") = "MyApp", "MyApp.csproj", "{98B585EE-7068-4FF3-AA7E-CD3B6E93403B}"
EndProject
Global
	GlobalSection(SolutionConfigurationPlatforms) = preSolution
		Debug|ARM = Debug|ARM
		Debug|x64 = Debug|x64
		Debug|x86 = Debug|x86
		Release|ARM = Release|ARM
		Release|x64 = Release|x64
		Release|x86 = Release|x86
	EndGlobalSection
	GlobalSection(ProjectConfigurationPlatforms) = postSolution
		{98B585EE-7068-4FF3-AA7E-CD3B6E93403B}.Debug|ARM.ActiveCfg = Debug|ARM
		{98B585EE-7068-4FF3-AA7E-CD3B6E93403B}.Debug|ARM.Build.0 = Debug|ARM
		{98B585EE-7068-4FF3-AA7E-CD3B6E93403B}.Debug|ARM.Deploy.0 = Debug|ARM
		{98B585EE-7068-4FF3-AA7E-CD3B6E93403B}.Debug|x64.ActiveCfg = Debug|x64
		{98B585EE-7068-4FF3-AA7E-CD3B6E93403B}.Debug|x64.Build.0 = Debug|x64
		{98B585EE-7068-4FF3-AA7E-CD3B6E93403B}.Debug|x64.Deploy.0 = Debug|x64
		{98B585EE-7068-4FF3-AA7E-CD3B6E93403B}.Debug|x86.ActiveCfg = Debug|x86
		{98B585EE-7068-4FF3-AA7E-CD3B6E93403B}.Debug|x86.Build.0 = Debug|x86
		{98B585EE-7068-4FF3-AA7E-CD3B6E93403B}.Debug|x86.Deploy.0 = Debug|x86
		{98B585EE-7068-4FF3-AA7E-CD3B6E93403B}.Release|ARM.ActiveCfg = Release|ARM
		{98B585EE-7068-4FF3-AA7E-CD3B6E93403B}.Release|ARM.Build.0 = Release|ARM
		{98B585EE-7068-4FF3-AA7E-CD3B6E93403B}.Release|ARM.Deploy.0 = Release|ARM
		{98B585EE-7068-4FF3-AA7E-CD3B6E93403B}.Release|x64.ActiveCfg = Release|x64
		{98B585EE-7068-4FF3-AA7E-CD3B6E93403B}.Release|x64.Build.0 = Release|x64
		{98B585EE-7068-4FF3-AA7E-CD3B6E93403B}.Release|x64.Deploy.0 = Release|x64
		{98B585EE-7068-4FF3-AA7E-CD3B6E93403B}.Release|x86.ActiveCfg = Release|x86
		{98B585EE-7068-4FF3-AA7E-CD3B6E93403B}.Release|x86.Build.0 = Release|x86
		{98B585EE-7068-4FF3-AA7E-CD3B6E93403B}.Release|x86.Deploy.0 = Release|x86
	EndGlobalSection
	GlobalSection(SolutionProperties) = preSolution
		HideSolutionNode = FALSE
	EndGlobalSection
EndGlobal
