
Microsoft Visual Studio Solution File, Format Version 12.00
# Visual Studio 14
VisualStudioVersion = 14.0.23107.0
MinimumVisualStudioVersion = 10.0.40219.1
Project("{FAE04EC0-301F-11D3-BF4B-00C04F79EFBC}") = "TestServiceApp", "TestServiceApp\TestServiceApp.csproj", "{402D67A6-FF4E-4EA3-A912-9FEAC440F0D3}"
EndProject
Project("{FAE04EC0-301F-11D3-BF4B-00C04F79EFBC}") = "BgServiceTasks", "BgServiceTasks\BgServiceTasks.csproj", "{BC618AB9-CD2D-4B38-9C64-C1F07C33E20C}"
EndProject
Project("{FAE04EC0-301F-11D3-BF4B-00C04F79EFBC}") = "TestClientApp", "TestClientApp\TestClientApp.csproj", "{FBA823D8-B743-4770-9693-C473A3418207}"
EndProject
Global
	GlobalSection(SolutionConfigurationPlatforms) = preSolution
		Debug|ARM = Debug|ARM
		Debug|x64 = Debug|x64
		Debug|x86 = Debug|x86
		Release|ARM = Release|ARM
		Release|x64 = Release|x64
		Release|x86 = Release|x86
	EndGlobalSection
	GlobalSection(ProjectConfigurationPlatforms) = postSolution
		{402D67A6-FF4E-4EA3-A912-9FEAC440F0D3}.Debug|ARM.ActiveCfg = Debug|ARM
		{402D67A6-FF4E-4EA3-A912-9FEAC440F0D3}.Debug|ARM.Build.0 = Debug|ARM
		{402D67A6-FF4E-4EA3-A912-9FEAC440F0D3}.Debug|ARM.Deploy.0 = Debug|ARM
		{402D67A6-FF4E-4EA3-A912-9FEAC440F0D3}.Debug|x64.ActiveCfg = Debug|x64
		{402D67A6-FF4E-4EA3-A912-9FEAC440F0D3}.Debug|x64.Build.0 = Debug|x64
		{402D67A6-FF4E-4EA3-A912-9FEAC440F0D3}.Debug|x64.Deploy.0 = Debug|x64
		{402D67A6-FF4E-4EA3-A912-9FEAC440F0D3}.Debug|x86.ActiveCfg = Debug|x86
		{402D67A6-FF4E-4EA3-A912-9FEAC440F0D3}.Debug|x86.Build.0 = Debug|x86
		{402D67A6-FF4E-4EA3-A912-9FEAC440F0D3}.Debug|x86.Deploy.0 = Debug|x86
		{402D67A6-FF4E-4EA3-A912-9FEAC440F0D3}.Release|ARM.ActiveCfg = Release|ARM
		{402D67A6-FF4E-4EA3-A912-9FEAC440F0D3}.Release|ARM.Build.0 = Release|ARM
		{402D67A6-FF4E-4EA3-A912-9FEAC440F0D3}.Release|ARM.Deploy.0 = Release|ARM
		{402D67A6-FF4E-4EA3-A912-9FEAC440F0D3}.Release|x64.ActiveCfg = Release|x64
		{402D67A6-FF4E-4EA3-A912-9FEAC440F0D3}.Release|x64.Build.0 = Release|x64
		{402D67A6-FF4E-4EA3-A912-9FEAC440F0D3}.Release|x64.Deploy.0 = Release|x64
		{402D67A6-FF4E-4EA3-A912-9FEAC440F0D3}.Release|x86.ActiveCfg = Release|x86
		{402D67A6-FF4E-4EA3-A912-9FEAC440F0D3}.Release|x86.Build.0 = Release|x86
		{402D67A6-FF4E-4EA3-A912-9FEAC440F0D3}.Release|x86.Deploy.0 = Release|x86
		{BC618AB9-CD2D-4B38-9C64-C1F07C33E20C}.Debug|ARM.ActiveCfg = Debug|ARM
		{BC618AB9-CD2D-4B38-9C64-C1F07C33E20C}.Debug|ARM.Build.0 = Debug|ARM
		{BC618AB9-CD2D-4B38-9C64-C1F07C33E20C}.Debug|x64.ActiveCfg = Debug|x64
		{BC618AB9-CD2D-4B38-9C64-C1F07C33E20C}.Debug|x64.Build.0 = Debug|x64
		{BC618AB9-CD2D-4B38-9C64-C1F07C33E20C}.Debug|x86.ActiveCfg = Debug|x86
		{BC618AB9-CD2D-4B38-9C64-C1F07C33E20C}.Debug|x86.Build.0 = Debug|x86
		{BC618AB9-CD2D-4B38-9C64-C1F07C33E20C}.Release|ARM.ActiveCfg = Release|ARM
		{BC618AB9-CD2D-4B38-9C64-C1F07C33E20C}.Release|ARM.Build.0 = Release|ARM
		{BC618AB9-CD2D-4B38-9C64-C1F07C33E20C}.Release|x64.ActiveCfg = Release|x64
		{BC618AB9-CD2D-4B38-9C64-C1F07C33E20C}.Release|x64.Build.0 = Release|x64
		{BC618AB9-CD2D-4B38-9C64-C1F07C33E20C}.Release|x86.ActiveCfg = Release|x86
		{BC618AB9-CD2D-4B38-9C64-C1F07C33E20C}.Release|x86.Build.0 = Release|x86
		{FBA823D8-B743-4770-9693-C473A3418207}.Debug|ARM.ActiveCfg = Debug|ARM
		{FBA823D8-B743-4770-9693-C473A3418207}.Debug|ARM.Build.0 = Debug|ARM
		{FBA823D8-B743-4770-9693-C473A3418207}.Debug|ARM.Deploy.0 = Debug|ARM
		{FBA823D8-B743-4770-9693-C473A3418207}.Debug|x64.ActiveCfg = Debug|x64
		{FBA823D8-B743-4770-9693-C473A3418207}.Debug|x64.Build.0 = Debug|x64
		{FBA823D8-B743-4770-9693-C473A3418207}.Debug|x64.Deploy.0 = Debug|x64
		{FBA823D8-B743-4770-9693-C473A3418207}.Debug|x86.ActiveCfg = Debug|x86
		{FBA823D8-B743-4770-9693-C473A3418207}.Debug|x86.Build.0 = Debug|x86
		{FBA823D8-B743-4770-9693-C473A3418207}.Debug|x86.Deploy.0 = Debug|x86
		{FBA823D8-B743-4770-9693-C473A3418207}.Release|ARM.ActiveCfg = Release|ARM
		{FBA823D8-B743-4770-9693-C473A3418207}.Release|ARM.Build.0 = Release|ARM
		{FBA823D8-B743-4770-9693-C473A3418207}.Release|ARM.Deploy.0 = Release|ARM
		{FBA823D8-B743-4770-9693-C473A3418207}.Release|x64.ActiveCfg = Release|x64
		{FBA823D8-B743-4770-9693-C473A3418207}.Release|x64.Build.0 = Release|x64
		{FBA823D8-B743-4770-9693-C473A3418207}.Release|x64.Deploy.0 = Release|x64
		{FBA823D8-B743-4770-9693-C473A3418207}.Release|x86.ActiveCfg = Release|x86
		{FBA823D8-B743-4770-9693-C473A3418207}.Release|x86.Build.0 = Release|x86
		{FBA823D8-B743-4770-9693-C473A3418207}.Release|x86.Deploy.0 = Release|x86
	EndGlobalSection
	GlobalSection(SolutionProperties) = preSolution
		HideSolutionNode = FALSE
	EndGlobalSection
EndGlobal
